%{
  "appsignal": {:git, "https://github.com/appsignal/appsignal-elixir", "c7ed18f3328525c9ce95bc941f59a6a1ab3dc343", [branch: "master"]},
  "artificery": {:hex, :artificery, "0.4.2", "3ded6e29e13113af52811c72f414d1e88f711410cac1b619ab3a2666bbd7efd4", [:mix], [], "hexpm", "514586f4312ef3709a3ccbd8e55f69455add235c1729656687bb781d10d0afdb"},
  "backoff": {:hex, :backoff, "1.1.6", "83b72ed2108ba1ee8f7d1c22e0b4a00cfe3593a67dbc792799e8cce9f42f796b", [:rebar3], [], "hexpm", "cf0cfff8995fb20562f822e5cc47d8ccf664c5ecdc26a684cbe85c225f9d7c39"},
  "base32": {:hex, :base32, "0.1.0", "044f6dc95709727ca2176f3e97a41ddaa76b5bc690d3536908618c0cb32616a2", [:rebar3], [], "hexpm", "10a73951d857d8cb1eceea8eb96c6941f6a76e105947ad09c2b73977dee07638"},
  "blockchain": {:git, "git@github.com:helium/blockchain-core.git", "6cf243c1b6d3bb0b6b9efc1229e7a8c1a2c93ae5", [branch: "master"]},
  "certifi": {:hex, :certifi, "2.5.1", "867ce347f7c7d78563450a18a6a28a8090331e77fa02380b4a21962a65d36ee5", [:rebar3], [{:parse_trans, "~>3.3", [hex: :parse_trans, repo: "hexpm", optional: false]}], "hexpm", "805abd97539caf89ec6d4732c91e62ba9da0cda51ac462380bbd28ee697a8c42"},
  "clique": {:git, "https://github.com/helium/clique.git", "e4be0dae150061bec080502ed530091672880867", [branch: "develop"]},
  "combine": {:hex, :combine, "0.10.0", "eff8224eeb56498a2af13011d142c5e7997a80c8f5b97c499f84c841032e429f", [:mix], [], "hexpm", "1b1dbc1790073076580d0d1d64e42eae2366583e7aecd455d1215b0d16f2451b"},
  "connection": {:hex, :connection, "1.0.4", "a1cae72211f0eef17705aaededacac3eb30e6625b04a6117c1b2db6ace7d5976", [:mix], [], "hexpm", "4a0850c9be22a43af9920a71ab17c051f5f7d45c209e40269a1938832510e4d9"},
  "cors_plug": {:hex, :cors_plug, "2.0.0", "238ddb479f92b38f6dc1ae44b8d81f0387f9519101a6da442d543ab70ee0e482", [:mix], [{:plug, "~> 1.3 or ~> 1.4 or ~> 1.5", [hex: :plug, repo: "hexpm", optional: false]}], "hexpm", "118162367ef41448c9742ced8c8bc33ae2857d958d6b997e1db26402dd8c6f37"},
  "cowboy": {:hex, :cowboy, "2.7.0", "91ed100138a764355f43316b1d23d7ff6bdb0de4ea618cb5d8677c93a7a2f115", [:rebar3], [{:cowlib, "~> 2.8.0", [hex: :cowlib, repo: "hexpm", optional: false]}, {:ranch, "~> 1.7.1", [hex: :ranch, repo: "hexpm", optional: false]}], "hexpm", "04fd8c6a39edc6aaa9c26123009200fc61f92a3a94f3178c527b70b767c6e605"},
  "cowlib": {:hex, :cowlib, "2.8.0", "fd0ff1787db84ac415b8211573e9a30a3ebe71b5cbff7f720089972b2319c8a4", [:rebar3], [], "hexpm", "79f954a7021b302186a950a32869dbc185523d99d3e44ce430cd1f3289f41ed4"},
  "cuttlefish": {:git, "https://github.com/helium/cuttlefish.git", "8672838e8f4ef61602aee6e4ff97ec9be54031dc", [branch: "develop"]},
  "db_connection": {:hex, :db_connection, "2.2.0", "e923e88887cd60f9891fd324ac5e0290954511d090553c415fbf54be4c57ee63", [:mix], [{:connection, "~> 1.0.2", [hex: :connection, repo: "hexpm", optional: false]}], "hexpm", "bdf196feedfa6b83071e808b2b086fb113f8a1c4c7761f6eff6fe4b96aba0086"},
  "decimal": {:hex, :decimal, "1.8.1", "a4ef3f5f3428bdbc0d35374029ffcf4ede8533536fa79896dd450168d9acdf3c", [:mix], [], "hexpm", "3cb154b00225ac687f6cbd4acc4b7960027c757a5152b369923ead9ddbca7aec"},
  "decorator": {:hex, :decorator, "1.2.4", "31dfff6143d37f0b68d0bffb3b9f18ace14fea54d4f1b5e4f86ead6f00d9ff6e", [:mix], [], "hexpm", "6c393a3aada02d0eaa6bde725e1816d2b122d7d0fb06c6dd8ebd92d33826396b"},
  "distillery": {:hex, :distillery, "2.1.1", "f9332afc2eec8a1a2b86f22429e068ef35f84a93ea1718265e740d90dd367814", [:mix], [{:artificery, "~> 0.2", [hex: :artificery, repo: "hexpm", optional: false]}], "hexpm", "bbc7008b0161a6f130d8d903b5b3232351fccc9c31a991f8fcbf2a12ace22995"},
  "e2qc": {:git, "https://github.com/project-fifo/e2qc", "8189497ff281e3ca10c4ac38cdabc07918b4d159", [branch: "master"]},
  "ecc_compact": {:hex, :ecc_compact, "1.0.4", "b2dda47a6810b59a24331f3c864001a2fde1c85a7bc31e52e7b6b2ee532f5627", [:rebar3], [], "hexpm", "5552c6867beb2fe8f5aabe986fb8b716322b59c43ab4e50f6382299a8b883a91"},
  "ecto": {:hex, :ecto, "3.3.1", "82ab74298065bf0c64ca299f6c6785e68ea5d6b980883ee80b044499df35aba1", [:mix], [{:decimal, "~> 1.6", [hex: :decimal, repo: "hexpm", optional: false]}, {:jason, "~> 1.0", [hex: :jason, repo: "hexpm", optional: true]}], "hexpm", "e6c614dfe3bcff2d575ce16d815dbd43f4ee1844599a83de1eea81976a31c174"},
  "ecto_sql": {:hex, :ecto_sql, "3.3.2", "92804e0de69bb63e621273c3492252cb08a29475c05d40eeb6f41ad2d483cfd3", [:mix], [{:db_connection, "~> 2.2", [hex: :db_connection, repo: "hexpm", optional: false]}, {:ecto, "~> 3.3", [hex: :ecto, repo: "hexpm", optional: false]}, {:myxql, "~> 0.3.0", [hex: :myxql, repo: "hexpm", optional: true]}, {:postgrex, "~> 0.15.0", [hex: :postgrex, repo: "hexpm", optional: true]}, {:telemetry, "~> 0.4.0", [hex: :telemetry, repo: "hexpm", optional: false]}], "hexpm", "b82d89d4e6a9f7f7f04783b07e8b0af968e0be2f01ee4b39047fe727c5c07471"},
  "enacl": {:hex, :enacl, "0.17.2", "4ad59142943e72d72c56e33c30dedef28add8ebee79c51033562b0cb4b93ede0", [:rebar3], [], "hexpm", "19557b3844dfe7d74943f763fe64050d0ea8cd1623caba7eec52ccc1cf8a6af3"},
  "erl_angry_purple_tiger": {:git, "https://github.com/helium/erl_angry_purple_tiger.git", "c5476b6639314a75a99400c9dfa7603b24a6d18a", [branch: "master"]},
  "erl_base58": {:hex, :erl_base58, "0.0.1", "37710854461d71df338e73c65776302db41c4bab4674d2ec134ed7bcfc7b5552", [:rebar3], [], "hexpm", "41e8ec356c5c5558a45682f61f80725789ae9a11bd1cc7d5c73cde1e3b546dd2"},
  "erlang_stats": {:git, "https://github.com/helium/erlang-stats.git", "c37a5198ddd0e82215481e7bff378ab9c297fdb8", [branch: "master"]},
  "eternal": {:hex, :eternal, "1.2.1", "d5b6b2499ba876c57be2581b5b999ee9bdf861c647401066d3eeed111d096bc4", [:mix], [], "hexpm"},
  "ex_machina": {:hex, :ex_machina, "2.3.0", "92a5ad0a8b10ea6314b876a99c8c9e3f25f4dde71a2a835845b136b9adaf199a", [:mix], [{:ecto, "~> 2.2 or ~> 3.0", [hex: :ecto, repo: "hexpm", optional: true]}, {:ecto_sql, "~> 3.0", [hex: :ecto_sql, repo: "hexpm", optional: true]}], "hexpm", "b84f6af156264530b312a8ab98ac6088f6b77ae5fe2058305c81434aa01fbaf9"},
  "getopt": {:hex, :getopt, "1.0.1", "c73a9fa687b217f2ff79f68a3b637711bb1936e712b521d8ce466b29cbf7808a", [:rebar3], [], "hexpm", "53e1ab83b9ceb65c9672d3e7a35b8092e9bdc9b3ee80721471a161c10c59959c"},
  "gettext": {:hex, :gettext, "0.17.2", "c593ddfac45af1f7f4cd334151ab46fb426979e914a00361fe191903b0064c56", [:mix], [], "hexpm", "fc4f6be728113caeacb56a9602ba198b1ac55ef87ff055aaefd15b739aecfc1c"},
  "goldrush": {:hex, :goldrush, "0.1.9", "f06e5d5f1277da5c413e84d5a2924174182fb108dabb39d5ec548b27424cd106", [:rebar3], [], "hexpm", "99cb4128cffcb3227581e5d4d803d5413fa643f4eb96523f77d9e6937d994ceb"},
  "gpb": {:hex, :gpb, "4.2.1", "3ae57fdfa1b78c155ea27d86886eb248002180c447d8b450d276a908da272509", [:make, :rebar], [], "hexpm", "2f9a93e506ce2939a861b4e27d38e6d9172aeb69257df9b3a18a7594a8a3eb11"},
  "h3": {:git, "https://github.com/helium/erlang-h3.git", "6389f8bdd67e93a8d1b5cccbc50a82f86858cf79", [branch: "master"]},
  "hackney": {:hex, :hackney, "1.15.2", "07e33c794f8f8964ee86cebec1a8ed88db5070e52e904b8f12209773c1036085", [:rebar3], [{:certifi, "2.5.1", [hex: :certifi, repo: "hexpm", optional: false]}, {:idna, "6.0.0", [hex: :idna, repo: "hexpm", optional: false]}, {:metrics, "1.0.1", [hex: :metrics, repo: "hexpm", optional: false]}, {:mimerl, "~>1.1", [hex: :mimerl, repo: "hexpm", optional: false]}, {:ssl_verify_fun, "1.1.5", [hex: :ssl_verify_fun, repo: "hexpm", optional: false]}], "hexpm", "e0100f8ef7d1124222c11ad362c857d3df7cb5f4204054f9f0f4a728666591fc"},
  "helium_proto": {:git, "https://github.com/helium/proto.git", "e1cf3b07f773c1c650b2187b7f8e5adf2ad9650b", [branch: "master"]},
  "honeydew": {:hex, :honeydew, "1.4.5", "03818730602274ef0119652d664b92ddf733256e857d29899ce6841e01345bd1", [:mix], [{:ecto, "~> 3.0", [hex: :ecto, repo: "hexpm", optional: true]}], "hexpm", "62633858ce7e82f67689b4d2b4024bd87fa00dc6a11a227614b816d868a1529d"},
  "httpoison": {:hex, :httpoison, "1.6.2", "ace7c8d3a361cebccbed19c283c349b3d26991eff73a1eaaa8abae2e3c8089b6", [:mix], [{:hackney, "~> 1.15 and >= 1.15.2", [hex: :hackney, repo: "hexpm", optional: false]}], "hexpm", "aa2c74bd271af34239a3948779612f87df2422c2fdcfdbcec28d9c105f0773fe"},
  "idna": {:hex, :idna, "6.0.0", "689c46cbcdf3524c44d5f3dde8001f364cd7608a99556d8fbd8239a5798d4c10", [:rebar3], [{:unicode_util_compat, "0.4.1", [hex: :unicode_util_compat, repo: "hexpm", optional: false]}], "hexpm", "4bdd305eb64e18b0273864920695cb18d7a2021f31a11b9c5fbcd9a253f936e2"},
  "inert": {:hex, :inert, "1.0.0", "df4a4e0239c5d25fe192620f7be054df88845e8fc9f3a8049837de334f04068e", [:rebar3], [], "hexpm", "8f3c0c069619d864e9ad6c626ce1845a302a2f6a0756a3801a0589c819e12e90"},
  "inet_cidr": {:hex, :erl_cidr, "1.0.2", "4814a5b78b969a5e069b0cecbb102622ab0c459b690053ed94543cd529915a43", [:rebar3], [], "hexpm", "97046492e5c5be0d8b92cd275980d667a8d28d9e79b2305828e358cc7d30a935"},
  "inet_ext": {:git, "https://github.com/benoitc/inet_ext", "a5fc4045e49cdad49fbd760365b06dcb35e51520", [branch: "master"]},
  "intercept": {:hex, :intercept, "1.0.0", "1f6c725e6fc070720643bd4d97ee53b1209365c80e520e1f5a1acb36712a7eb5", [:rebar3], [], "hexpm", "fc5f5e26a571637b0b80119fe2f1e83dddeac8078bd76279c015474af432b32e"},
  "jason": {:hex, :jason, "1.1.2", "b03dedea67a99223a2eaf9f1264ce37154564de899fd3d8b9a21b1a6fd64afe7", [:mix], [{:decimal, "~> 1.0", [hex: :decimal, repo: "hexpm", optional: true]}], "hexpm", "fdf843bca858203ae1de16da2ee206f53416bbda5dc8c9e78f43243de4bc3afe"},
  "jumper": {:hex, :jumper, "1.0.1", "3c00542ef1a83532b72269fab9f0f0c82bf23a35e27d278bfd9ed0865cecabff", [:mix], [], "hexpm"},
  "lager": {:hex, :lager, "3.6.7", "2fbf823944caa0fc10df5ec13f3f047524a249bb32f0d801b7900c9610264286", [:rebar3], [{:goldrush, "0.1.9", [hex: :goldrush, repo: "hexpm", optional: false]}], "hexpm", "beaee45f128b341273364abac428bc051a1d95734b97047141bea52e8ae604ca"},
  "libp2p": {:git, "https://github.com/helium/erlang-libp2p.git", "2e81c79ceb16c74e3dbcc19e982b5192817e50b0", [branch: "master"]},
  "libp2p_crypto": {:hex, :libp2p_crypto, "1.0.1", "0d7071a07cbba012c049c06067874969a6a2fe765ccd33b9dbb582580e62929f", [:rebar3], [{:ecc_compact, "1.0.4", [hex: :ecc_compact, repo: "hexpm", optional: false]}, {:enacl, "0.17.2", [hex: :enacl, repo: "hexpm", optional: false]}, {:erl_base58, "0.0.1", [hex: :erl_base58, repo: "hexpm", optional: false]}, {:multiaddr, "1.1.3", [hex: :multiaddr, repo: "hexpm", optional: false]}], "hexpm", "37789c6b1ddf0fb6f8c2f6e1e8297a728ca1f0e365f259a06a931a52e8c42140"},
  "logger_file_backend": {:hex, :logger_file_backend, "0.0.11", "3bbc5f31d3669e8d09d7a9443e86056fae7fc18e45c6f748c33b8c79a7e147a1", [:mix], [], "hexpm", "62be826f04644c62b0a2bc98a13e2e7ae52c0a4eda020f4c59d7287356d5e445"},
  "metrics": {:hex, :metrics, "1.0.1", "25f094dea2cda98213cecc3aeff09e940299d950904393b2a29d191c346a8486", [:rebar3], [], "hexpm", "69b09adddc4f74a40716ae54d140f93beb0fb8978d8636eaded0c31b6f099f16"},
  "mime": {:hex, :mime, "1.3.1", "30ce04ab3175b6ad0bdce0035cba77bba68b813d523d1aac73d9781b4d193cf8", [:mix], [], "hexpm", "6cbe761d6a0ca5a31a0931bf4c63204bceb64538e664a8ecf784a9a6f3b875f1"},
  "mimerl": {:hex, :mimerl, "1.2.0", "67e2d3f571088d5cfd3e550c383094b47159f3eee8ffa08e64106cdf5e981be3", [:rebar3], [], "hexpm", "f278585650aa581986264638ebf698f8bb19df297f66ad91b18910dfc6e19323"},
  "multiaddr": {:hex, :multiaddr, "1.1.3", "978e58e28f6facaf428c87af933612b1e2f3f2775f1794eda5e831a4eacd2984", [:rebar3], [{:base32, "0.1.0", [hex: :base32, repo: "hexpm", optional: false]}, {:erl_base58, "0.0.1", [hex: :erl_base58, repo: "hexpm", optional: false]}, {:small_ints, "0.1.0", [hex: :small_ints, repo: "hexpm", optional: false]}], "hexpm", "980d3ea5eb0eb2efc51e3d10953f17447d417c49bd2fcd7fc6a2a42d1f66d5ee"},
  "nat": {:git, "https://github.com/benoitc/erlang-nat", "e5e8ada57e85db60b9ec0903e5bf8342c1c6a6e5", [branch: "master"]},
  "number": {:hex, :number, "1.0.1", "a1017dc867a9860b0c261bf9f3ac4990f64589dbbe50260724190c78a0b92104", [:mix], [{:decimal, "~> 1.5", [hex: :decimal, repo: "hexpm", optional: false]}], "hexpm", "149c62771306451198b2a044b4f077520c9acf6e69304723b17385257c683b52"},
  "parse_trans": {:hex, :parse_trans, "3.3.0", "09765507a3c7590a784615cfd421d101aec25098d50b89d7aa1d66646bc571c1", [:rebar3], [], "hexpm", "17ef63abde837ad30680ea7f857dd9e7ced9476cdd7b0394432af4bfc241b960"},
  "phoenix": {:hex, :phoenix, "1.4.11", "d112c862f6959f98e6e915c3b76c7a87ca3efd075850c8daa7c3c7a609014b0d", [:mix], [{:jason, "~> 1.0", [hex: :jason, repo: "hexpm", optional: true]}, {:phoenix_pubsub, "~> 1.1", [hex: :phoenix_pubsub, repo: "hexpm", optional: false]}, {:plug, "~> 1.8.1 or ~> 1.9", [hex: :plug, repo: "hexpm", optional: false]}, {:plug_cowboy, "~> 1.0 or ~> 2.0", [hex: :plug_cowboy, repo: "hexpm", optional: true]}, {:telemetry, "~> 0.4", [hex: :telemetry, repo: "hexpm", optional: false]}], "hexpm", "ef19d737ca23b66f7333eaa873cbfc5e6fa6427ef5a0ffd358de1ba8e1a4b2f4"},
  "phoenix_ecto": {:hex, :phoenix_ecto, "4.1.0", "a044d0756d0464c5a541b4a0bf4bcaf89bffcaf92468862408290682c73ae50d", [:mix], [{:ecto, "~> 3.0", [hex: :ecto, repo: "hexpm", optional: false]}, {:phoenix_html, "~> 2.9", [hex: :phoenix_html, repo: "hexpm", optional: true]}, {:plug, "~> 1.0", [hex: :plug, repo: "hexpm", optional: false]}], "hexpm", "c5e666a341ff104d0399d8f0e4ff094559b2fde13a5985d4cb5023b2c2ac558b"},
  "phoenix_pubsub": {:hex, :phoenix_pubsub, "1.1.2", "496c303bdf1b2e98a9d26e89af5bba3ab487ba3a3735f74bf1f4064d2a845a3e", [:mix], [], "hexpm", "1f13f9f0f3e769a667a6b6828d29dec37497a082d195cc52dbef401a9b69bf38"},
  "plug": {:hex, :plug, "1.8.3", "12d5f9796dc72e8ac9614e94bda5e51c4c028d0d428e9297650d09e15a684478", [:mix], [{:mime, "~> 1.0", [hex: :mime, repo: "hexpm", optional: false]}, {:plug_crypto, "~> 1.0", [hex: :plug_crypto, repo: "hexpm", optional: false]}, {:telemetry, "~> 0.4", [hex: :telemetry, repo: "hexpm", optional: true]}], "hexpm", "164baaeb382d19beee0ec484492aa82a9c8685770aee33b24ec727a0971b34d0"},
  "plug_cowboy": {:hex, :plug_cowboy, "2.1.1", "a196e4f428d7f5d6dba5ded314cc55cd0fbddf1110af620f75c0190e77844b33", [:mix], [{:cowboy, "~> 2.5", [hex: :cowboy, repo: "hexpm", optional: false]}, {:plug, "~> 1.7", [hex: :plug, repo: "hexpm", optional: false]}], "hexpm", "15a3c34ffaccef8a0b575b8d39ab1b9044586d7dab917292cdc44cf2737df7f2"},
  "plug_crypto": {:hex, :plug_crypto, "1.0.0", "18e49317d3fa343f24620ed22795ec29d4a5e602d52d1513ccea0b07d8ea7d4d", [:mix], [], "hexpm", "73c1682f0e414cfb5d9b95c8e8cd6ffcfdae699e3b05e1db744e58b7be857759"},
  "poison": {:hex, :poison, "3.1.0", "d9eb636610e096f86f25d9a46f35a9facac35609a7591b3be3326e99a0484665", [:mix], [], "hexpm", "fec8660eb7733ee4117b85f55799fd3833eb769a6df71ccf8903e8dc5447cfce"},
  "postgrex": {:hex, :postgrex, "0.15.3", "5806baa8a19a68c4d07c7a624ccdb9b57e89cbc573f1b98099e3741214746ae4", [:mix], [{:connection, "~> 1.0", [hex: :connection, repo: "hexpm", optional: false]}, {:db_connection, "~> 2.1", [hex: :db_connection, repo: "hexpm", optional: false]}, {:decimal, "~> 1.5", [hex: :decimal, repo: "hexpm", optional: false]}, {:jason, "~> 1.0", [hex: :jason, repo: "hexpm", optional: true]}], "hexpm", "4737ce62a31747b4c63c12b20c62307e51bb4fcd730ca0c32c280991e0606c90"},
  "procket": {:hex, :procket, "0.9.3", "593e907645307bc854ce3532f3f9c07987d8dc9848180cd2ee408fd92b22cc1e", [:rebar3], [], "hexpm", "e9d06d13bda86c3b089ba002ecfb373a67b556745aa53473573ea05ef7572b4d"},
  "ranch": {:hex, :ranch, "1.7.1", "6b1fab51b49196860b733a49c07604465a47bdb78aa10c1c16a3d199f7f8c881", [:rebar3], [], "hexpm", "451d8527787df716d99dc36162fca05934915db0b6141bbdac2ea8d3c7afc7d7"},
  "rand_compat": {:hex, :rand_compat, "0.0.3", "011646bc1f0b0c432fe101b816f25b9bbb74a085713cee1dafd2d62e9415ead3", [:rebar3], [], "hexpm", "cdf7be2b17308ec245b912c45fe55741f93b6e4f1a24ba6074f7137b0cc09bf4"},
  "recon": {:hex, :recon, "2.5.0", "2f7fcbec2c35034bade2f9717f77059dc54eb4e929a3049ca7ba6775c0bd66cd", [:mix, :rebar3], [], "hexpm", "72f3840fedd94f06315c523f6cecf5b4827233bed7ae3fe135b2a0ebeab5e196"},
  "relcast": {:git, "https://github.com/helium/relcast.git", "23bbbc34347a8f9d75791f42c6746dd646844261", [branch: "master"]},
  "rocksdb": {:git, "https://gitlab.com/Vagabond1/erlang-rocksdb", "3bab8e6aaa45e8cea5eaabe316f71bea053f89a1", [branch: "adt/1.1.0-integration"]},
  "sleeplocks": {:hex, :sleeplocks, "1.1.1", "3d462a0639a6ef36cc75d6038b7393ae537ab394641beb59830a1b8271faeed3", [:rebar3], [], "hexpm"},
  "small_ints": {:hex, :small_ints, "0.1.0", "82a824c8794a2ddc73cb5cd00ead11331db296521ad16a619c13d668572b868a", [:rebar3], [], "hexpm", "00b3bff6c446711f8ea4ea942056f375e0f13c7983cc3950c6ea1de014c7c416"},
  "splicer": {:git, "https://github.com/helium/erlang-splicer.git", "4c75a6f5172efcabdf8626579240a7ab0ed97431", [branch: "master"]},
  "ssl_verify_fun": {:hex, :ssl_verify_fun, "1.1.5", "6eaf7ad16cb568bb01753dbbd7a95ff8b91c7979482b95f38443fe2c8852a79b", [:make, :mix, :rebar3], [], "hexpm", "13104d7897e38ed7f044c4de953a6c28597d1c952075eb2e328bc6d6f2bfc496"},
  "telemetry": {:hex, :telemetry, "0.4.1", "ae2718484892448a24470e6aa341bc847c3277bfb8d4e9289f7474d752c09c7f", [:rebar3], [], "hexpm", "4738382e36a0a9a2b6e25d67c960e40e1a2c95560b9f936d8e29de8cd858480f"},
  "throttle": {:hex, :lambda_throttle, "0.2.0", "e881b46d9836afb70f3e2fa3be9b0140805ba324ed26aa734ff6c5c1568c6ca7", [:rebar3], [], "hexpm", "3eacfaac1c2ebd0f17d77d9e96b1029bf07ded4ac233ba38883d70cdf1fff740"},
  "timex": {:hex, :timex, "3.6.1", "efdf56d0e67a6b956cc57774353b0329c8ab7726766a11547e529357ffdc1d56", [:mix], [{:combine, "~> 0.10", [hex: :combine, repo: "hexpm", optional: false]}, {:gettext, "~> 0.10", [hex: :gettext, repo: "hexpm", optional: false]}, {:tzdata, "~> 0.1.8 or ~> 0.5 or ~> 1.0.0", [hex: :tzdata, repo: "hexpm", optional: false]}], "hexpm", "f354efb2400dd7a80fd9eb6c8419068c4f632da4ac47f3d8822d6e33f08bc852"},
  "tzdata": {:hex, :tzdata, "1.0.3", "73470ad29dde46e350c60a66e6b360d3b99d2d18b74c4c349dbebbc27a09a3eb", [:mix], [{:hackney, "~> 1.0", [hex: :hackney, repo: "hexpm", optional: false]}], "hexpm", "a6e1ee7003c4d04ecbd21dd3ec690d4c6662db5d3bbdd7262d53cdf5e7c746c1"},
  "unicode_util_compat": {:hex, :unicode_util_compat, "0.4.1", "d869e4c68901dd9531385bb0c8c40444ebf624e60b6962d95952775cac5e90cd", [:rebar3], [], "hexpm", "1d1848c40487cdb0b30e8ed975e34e025860c02e419cb615d255849f3427439d"},
  "unsafe": {:hex, :unsafe, "1.0.1", "a27e1874f72ee49312e0a9ec2e0b27924214a05e3ddac90e91727bc76f8613d8", [:mix], [], "hexpm"},
  "uuid": {:hex, :uuid, "1.1.8", "e22fc04499de0de3ed1116b770c7737779f226ceefa0badb3592e64d5cfb4eb9", [:mix], [], "hexpm", "c790593b4c3b601f5dc2378baae7efaf5b3d73c4c6456ba85759905be792f2ac"},
  "vincenty": {:git, "https://github.com/helium/vincenty", "b2b13fea367599d918359a2ac0071beefcd8e1b3", [branch: "master"]},
}
